
Microsoft Visual Studio Solution File, Format Version 12.00
# Visual Studio Version 17
VisualStudioVersion = 17.11.35222.181
MinimumVisualStudioVersion = 10.0.40219.1
Project("{FAE04EC0-301F-11D3-BF4B-00C04F79EFBC}") = "FT.FastQ", "FT.FastQ.csproj", "{8EE0EFBE-F040-4D96-99A3-DF56CB1DF42E}"
EndProject
Global
	GlobalSection(SolutionConfigurationPlatforms) = preSolution
		Debug|Any CPU = Debug|Any CPU
		Release|Any CPU = Release|Any CPU
	EndGlobalSection
	GlobalSection(ProjectConfigurationPlatforms) = postSolution
		{8EE0EFBE-F040-4D96-99A3-DF56CB1DF42E}.Debug|Any CPU.ActiveCfg = Debug|Any CPU
		{8EE0EFBE-F040-4D96-99A3-DF56CB1DF42E}.Debug|Any CPU.Build.0 = Debug|Any CPU
		{8EE0EFBE-F040-4D96-99A3-DF56CB1DF42E}.Release|Any CPU.ActiveCfg = Release|Any CPU
		{8EE0EFBE-F040-4D96-99A3-DF56CB1DF42E}.Release|Any CPU.Build.0 = Release|Any CPU
	EndGlobalSection
	GlobalSection(SolutionProperties) = preSolution
		HideSolutionNode = FALSE
	EndGlobalSection
	GlobalSection(ExtensibilityGlobals) = postSolution
		SolutionGuid = {350818CB-501B-488B-95AB-1ECE612A5A0F}
	EndGlobalSection
EndGlobal
